
Microsoft Visual Studio Solution File, Format Version 12.00
# Visual Studio Version 16
VisualStudioVersion = 16.0.30717.126
MinimumVisualStudioVersion = 10.0.40219.1
Project("{FAE04EC0-301F-11D3-BF4B-00C04F79EFBC}") = "WebApplication1", "WebApplication1.csproj", "{D91D13C2-828E-43B4-85BB-42F87D4FC14C}"
EndProject
Global
	GlobalSection(SolutionConfigurationPlatforms) = preSolution
		Debug|Any CPU = Debug|Any CPU
		Release|Any CPU = Release|Any CPU
	EndGlobalSection
	GlobalSection(ProjectConfigurationPlatforms) = postSolution
		{D91D13C2-828E-43B4-85BB-42F87D4FC14C}.Debug|Any CPU.ActiveCfg = Debug|Any CPU
		{D91D13C2-828E-43B4-85BB-42F87D4FC14C}.Debug|Any CPU.Build.0 = Debug|Any CPU
		{D91D13C2-828E-43B4-85BB-42F87D4FC14C}.Release|Any CPU.ActiveCfg = Release|Any CPU
		{D91D13C2-828E-43B4-85BB-42F87D4FC14C}.Release|Any CPU.Build.0 = Release|Any CPU
	EndGlobalSection
	GlobalSection(SolutionProperties) = preSolution
		HideSolutionNode = FALSE
	EndGlobalSection
	GlobalSection(ExtensibilityGlobals) = postSolution
		SolutionGuid = {C518F243-CD94-4348-A8D4-CF178587B740}
	EndGlobalSection
EndGlobal
